{
  "requires": true,
  "lockfileVersion": 1,
  "dependencies": {
    "uview-plus": {
      "version": "3.8.86",
      "resolved": "https://registry.npmmirror.com/uview-plus/-/uview-plus-3.8.86.tgz",
      "integrity": "sha512-L/Rc9MfJ7Z+YVe5EQZ2yhkTUBqshvTsIQMKpkoWWgQPV/kGAOmiP3zxAWftkpQ38bmiIHVVLteJqi6KqIzevZw=="
    }
  }
}
